
Microsoft Visual Studio Solution File, Format Version 12.00
# Visual Studio 2012
Project("{FAE04EC0-301F-11D3-BF4B-00C04F79EFBC}") = "Utility", "..\Utility\Utility.csproj", "{B5A3E944-9162-4ED9-B9CC-116C4CCEC54C}"
EndProject
Project("{FAE04EC0-301F-11D3-BF4B-00C04F79EFBC}") = "Kinect1.HelloWorld_2", "Kinect1.HelloWorld_2\Kinect1.HelloWorld_2.csproj", "{521DD84A-CBEB-49CB-BA91-CECCA09B5B62}"
EndProject
Project("{FAE04EC0-301F-11D3-BF4B-00C04F79EFBC}") = "Kinect1.HelloWorld", "Kinect1.HelloWorld\Kinect1.HelloWorld.csproj", "{8ED03682-E97A-4023-A6BB-E89769904742}"
EndProject
Global
	GlobalSection(SolutionConfigurationPlatforms) = preSolution
		Debug|Any CPU = Debug|Any CPU
		Release|Any CPU = Release|Any CPU
	EndGlobalSection
	GlobalSection(ProjectConfigurationPlatforms) = postSolution
		{B5A3E944-9162-4ED9-B9CC-116C4CCEC54C}.Debug|Any CPU.ActiveCfg = Debug|Any CPU
		{B5A3E944-9162-4ED9-B9CC-116C4CCEC54C}.Debug|Any CPU.Build.0 = Debug|Any CPU
		{B5A3E944-9162-4ED9-B9CC-116C4CCEC54C}.Release|Any CPU.ActiveCfg = Release|Any CPU
		{B5A3E944-9162-4ED9-B9CC-116C4CCEC54C}.Release|Any CPU.Build.0 = Release|Any CPU
		{521DD84A-CBEB-49CB-BA91-CECCA09B5B62}.Debug|Any CPU.ActiveCfg = Debug|Any CPU
		{521DD84A-CBEB-49CB-BA91-CECCA09B5B62}.Debug|Any CPU.Build.0 = Debug|Any CPU
		{521DD84A-CBEB-49CB-BA91-CECCA09B5B62}.Release|Any CPU.ActiveCfg = Release|Any CPU
		{521DD84A-CBEB-49CB-BA91-CECCA09B5B62}.Release|Any CPU.Build.0 = Release|Any CPU
		{8ED03682-E97A-4023-A6BB-E89769904742}.Debug|Any CPU.ActiveCfg = Debug|Any CPU
		{8ED03682-E97A-4023-A6BB-E89769904742}.Debug|Any CPU.Build.0 = Debug|Any CPU
		{8ED03682-E97A-4023-A6BB-E89769904742}.Release|Any CPU.ActiveCfg = Release|Any CPU
		{8ED03682-E97A-4023-A6BB-E89769904742}.Release|Any CPU.Build.0 = Release|Any CPU
	EndGlobalSection
	GlobalSection(SolutionProperties) = preSolution
		HideSolutionNode = FALSE
	EndGlobalSection
EndGlobal
